
Microsoft Visual Studio Solution File, Format Version 12.00
# Visual Studio Version 17
VisualStudioVersion = 17.4.33205.214
MinimumVisualStudioVersion = 10.0.40219.1
Project("{FAE04EC0-301F-11D3-BF4B-00C04F79EFBC}") = "Day1", "Day1\Day1.csproj", "{281158E2-4F7E-4F46-A4E8-D7CEF7599D6E}"
	ProjectSection(ProjectDependencies) = postProject
		{030565B6-F1D2-4ADB-B4A2-86F2EAE87FE0} = {030565B6-F1D2-4ADB-B4A2-86F2EAE87FE0}
	EndProjectSection
EndProject
Project("{FAE04EC0-301F-11D3-BF4B-00C04F79EFBC}") = "Advent-of-Code-2023", "Advent-of-Code-2023\Advent-of-Code-2023.csproj", "{030565B6-F1D2-4ADB-B4A2-86F2EAE87FE0}"
EndProject
Global
	GlobalSection(SolutionConfigurationPlatforms) = preSolution
		Debug|Any CPU = Debug|Any CPU
		Release|Any CPU = Release|Any CPU
	EndGlobalSection
	GlobalSection(ProjectConfigurationPlatforms) = postSolution
		{281158E2-4F7E-4F46-A4E8-D7CEF7599D6E}.Debug|Any CPU.ActiveCfg = Debug|Any CPU
		{281158E2-4F7E-4F46-A4E8-D7CEF7599D6E}.Debug|Any CPU.Build.0 = Debug|Any CPU
		{281158E2-4F7E-4F46-A4E8-D7CEF7599D6E}.Release|Any CPU.ActiveCfg = Release|Any CPU
		{281158E2-4F7E-4F46-A4E8-D7CEF7599D6E}.Release|Any CPU.Build.0 = Release|Any CPU
		{030565B6-F1D2-4ADB-B4A2-86F2EAE87FE0}.Debug|Any CPU.ActiveCfg = Debug|Any CPU
		{030565B6-F1D2-4ADB-B4A2-86F2EAE87FE0}.Debug|Any CPU.Build.0 = Debug|Any CPU
		{030565B6-F1D2-4ADB-B4A2-86F2EAE87FE0}.Release|Any CPU.ActiveCfg = Release|Any CPU
		{030565B6-F1D2-4ADB-B4A2-86F2EAE87FE0}.Release|Any CPU.Build.0 = Release|Any CPU
	EndGlobalSection
	GlobalSection(SolutionProperties) = preSolution
		HideSolutionNode = FALSE
	EndGlobalSection
	GlobalSection(ExtensibilityGlobals) = postSolution
		SolutionGuid = {AB7EA5B1-81B2-4C6A-A406-04C722ABE7B8}
	EndGlobalSection
EndGlobal
